# This file was autogenerated by Stack.
# You should not edit this file by hand.
# For more information, please see the documentation at:
#   https://docs.haskellstack.org/en/stable/lock_files

packages:
- completed:
    hackage: arduino-copilot-1.5.5@sha256:c579f91af5cdf9aa0db7cfda8486a621814c36f1e1eb82a50a4719c5c04a2adf,3767
    pantry-tree:
      size: 4460
      sha256: a13e24631e3e4684c8cf1c677e5e6106653ae9aa62d9516e0e33b0bc796a92d4
  original:
    hackage: arduino-copilot-1.5.5
- completed:
    hackage: copilot-3.5@sha256:486ce9c460f3fbf9216c4bf51ccfd26d37871b6dae2b0b140d384ab41ab18ecf,6092
    pantry-tree:
      size: 1111
      sha256: 79295da17c7e35a4359a77ccb964502e2b5ca2590eb525a724445573a0188b32
  original:
    hackage: copilot-3.5@sha256:486ce9c460f3fbf9216c4bf51ccfd26d37871b6dae2b0b140d384ab41ab18ecf,6092
- completed:
    hackage: copilot-c99-3.5@sha256:4f040563e882788b9cece2edd06ed23970e2e86a97f71d31b832255e345c1aa9,2851
    pantry-tree:
      size: 936
      sha256: ae5c36946a5d6cdc9047de15933b78ac73657fbb23dd7eaf2f506ae3e7fa255d
  original:
    hackage: copilot-c99-3.5@sha256:4f040563e882788b9cece2edd06ed23970e2e86a97f71d31b832255e345c1aa9,2851
- completed:
    hackage: copilot-language-3.5@sha256:3c14e5504181f071bd5c22195671c052454c081821e0303a66d5073c4d7578d9,2963
    pantry-tree:
      size: 2239
      sha256: 0d04f7d76a734a12616a81dd214d3bca14dff64545e1caf5aa2c7ed1dc4087a2
  original:
    hackage: copilot-language-3.5@sha256:3c14e5504181f071bd5c22195671c052454c081821e0303a66d5073c4d7578d9,2963
- completed:
    hackage: copilot-core-3.5@sha256:60491237c13e63b38986f62e44f5856b166087ed3dd5cab5da4cd9dc05f9675f,2052
    pantry-tree:
      size: 1719
      sha256: 1e78392e617e9fc5838380bcbcad72c28c312703925f351dd940f9727a895934
  original:
    hackage: copilot-core-3.5@sha256:60491237c13e63b38986f62e44f5856b166087ed3dd5cab5da4cd9dc05f9675f,2052
- completed:
    hackage: copilot-libraries-3.5@sha256:9fcca80f14fcb9b77e88cec1062c71583e8744d9e2c27badcec0e6f6031cd7c4,1972
    pantry-tree:
      size: 957
      sha256: 9d25ce6c77cae1305a6f7691b7026d3e359040702e590eca6c1361f0c641df78
  original:
    hackage: copilot-libraries-3.5@sha256:9fcca80f14fcb9b77e88cec1062c71583e8744d9e2c27badcec0e6f6031cd7c4,1972
- completed:
    hackage: copilot-theorem-3.5@sha256:3a9289f8a8f7eb03da1053858dff50b18dca70b2abe3982f2c78ee581a40de1b,5165
    pantry-tree:
      size: 2746
      sha256: 58d851b3b3472877774dee0326299a71da0d4fbb586ef88a3703fa53d0932264
  original:
    hackage: copilot-theorem-3.5@sha256:3a9289f8a8f7eb03da1053858dff50b18dca70b2abe3982f2c78ee581a40de1b,5165
- completed:
    hackage: language-c99-0.1.2@sha256:6c9022378c7ed57d080fe41442066a5f2657347fd02a07ad291bbf41d71ab954,1587
    pantry-tree:
      size: 399
      sha256: 53d202a7489f2501c633e5c1f4d6a63deed004df1bec36d3ce29d54388c4a619
  original:
    hackage: language-c99-0.1.2@sha256:6c9022378c7ed57d080fe41442066a5f2657347fd02a07ad291bbf41d71ab954,1587
- completed:
    hackage: language-c99-simple-0.1.2@sha256:5b522616fa22a0909250d56a0632f1f1cae1c38d585149e13eeb809103af9543,1540
    pantry-tree:
      size: 574
      sha256: 1d297b46c78e2a498f7828bddc794d8355656273f7334f8ab27452ccfd28d5be
  original:
    hackage: language-c99-simple-0.1.2@sha256:5b522616fa22a0909250d56a0632f1f1cae1c38d585149e13eeb809103af9543,1540
- completed:
    hackage: language-c99-util-0.1.1@sha256:480adee2ba3045d04305be5362be991b1814faf58cfd7af1f845d0fc9dbcf3a7,1177
    pantry-tree:
      size: 489
      sha256: 3a5e1387e9b073dad4f51fa749fd4c33e2abe31566b63a120a38a7f88d809493
  original:
    hackage: language-c99-util-0.1.1@sha256:480adee2ba3045d04305be5362be991b1814faf58cfd7af1f845d0fc9dbcf3a7,1177
- completed:
    hackage: optparse-applicative-0.15.1.0@sha256:29ff6146aabf54d46c4c8788e8d1eadaea27c94f6d360c690c5f6c93dac4b07e,4810
    pantry-tree:
      size: 2904
      sha256: 04ad3816bc580cbe0834d3d1f4729ddd386abfe31b43e5b14968885f636d1b0d
  original:
    hackage: optparse-applicative-0.15.1.0@sha256:29ff6146aabf54d46c4c8788e8d1eadaea27c94f6d360c690c5f6c93dac4b07e,4810
- completed:
    hackage: ansi-terminal-0.9.1@sha256:48f53532d0f365ffa568c8cf0adc84c66f800a7d80d3329e4f04fa75392f4af1,3225
    pantry-tree:
      size: 1461
      sha256: 4686b1fdd2b74598eb83d35f447e4520d58d6534b5277a6f2bfaaa258bf1f833
  original:
    hackage: ansi-terminal-0.9.1@sha256:48f53532d0f365ffa568c8cf0adc84c66f800a7d80d3329e4f04fa75392f4af1,3225
- completed:
    hackage: bimap-0.3.3@sha256:232518c0410990665b9c8677eb9318ee355c001d58945ddcbedec3baa30b4160,1475
    pantry-tree:
      size: 414
      sha256: 5c7485014c2f342d215ace99cd06361f7607169aebe8d4aca2f265fa5c3c6761
  original:
    hackage: bimap-0.3.3@sha256:232518c0410990665b9c8677eb9318ee355c001d58945ddcbedec3baa30b4160,1475
- completed:
    hackage: random-1.2.0@sha256:195506fedaa7c31c1fa2a747e9b49b4a5d1f0b09dd8f1291f23a771656faeec3,6097
    pantry-tree:
      size: 1259
      sha256: 77505a2919b4d1d84abc36c995046f661741251e58a592ed826b7c1aee1c044c
  original:
    hackage: random-1.2.0@sha256:195506fedaa7c31c1fa2a747e9b49b4a5d1f0b09dd8f1291f23a771656faeec3,6097
- completed:
    hackage: bv-sized-1.0.3@sha256:0453825c28a5560603ad682ad43dc6699bd6d1aab5512a1351b8d4b7e75917e9,2099
    pantry-tree:
      size: 709
      sha256: c4e0509532e35b24a2600128083b46ae6153b8672ed12e175c35509ed538a39a
  original:
    hackage: bv-sized-1.0.3@sha256:0453825c28a5560603ad682ad43dc6699bd6d1aab5512a1351b8d4b7e75917e9,2099
- completed:
    hackage: panic-0.4.0.1@sha256:fb46577c9e0ca38c37960572f958a8469f2b577e963ed4f3ea1904d8400d828b,702
    pantry-tree:
      size: 252
      sha256: 2f4a32588a5935a4d58ee50ae2b83cd5be25b1a1b814dbd2c6a9451248c32b4a
  original:
    hackage: panic-0.4.0.1@sha256:fb46577c9e0ca38c37960572f958a8469f2b577e963ed4f3ea1904d8400d828b,702
- completed:
    hackage: parameterized-utils-2.1.3.0@sha256:b2bf219e01b8de7810559c7f260a61810eeeb3ce7f81d5e96a666645d5ead55b,4099
    pantry-tree:
      size: 2889
      sha256: 331a153dfc5ccd859eac35e934c5467b2c715015c3502962f4a2dbf6abefcbfc
  original:
    hackage: parameterized-utils-2.1.3.0@sha256:b2bf219e01b8de7810559c7f260a61810eeeb3ce7f81d5e96a666645d5ead55b,4099
- completed:
    hackage: what4-1.1@sha256:f7b17576cdeb20f0e36fb8547c1578ad38dcbe5678f30dfee947e05e2735ad3a,9418
    pantry-tree:
      size: 6310
      sha256: b4a9c41d05d8d1b5fd9649f9139b9c53c27b4b04d61f550a7ff450085534ca75
  original:
    hackage: what4-1.1@sha256:f7b17576cdeb20f0e36fb8547c1578ad38dcbe5678f30dfee947e05e2735ad3a,9418
- completed:
    hackage: bitwise-1.0.0.1@sha256:2499779e8c9d59b3d8660e4994d357328750de8b4d1076c9924fb93404fa4c3a,3110
    pantry-tree:
      size: 760
      sha256: dfc85fd0cf52e0595bd5beffaa2633927703d3f92ebdd7ba21cf71afb1bc4816
  original:
    hackage: bitwise-1.0.0.1@sha256:2499779e8c9d59b3d8660e4994d357328750de8b4d1076c9924fb93404fa4c3a,3110
- completed:
    hackage: config-value-0.8.1@sha256:47582043bb0054b4b3185c3c3c96c1b999b425ff9aadf40a9ed71953707e4371,1973
    pantry-tree:
      size: 1034
      sha256: 84a55dc8d28b942805e19dde33c5d4a9451de043624f9f76626bcb188091629e
  original:
    hackage: config-value-0.8.1@sha256:47582043bb0054b4b3185c3c3c96c1b999b425ff9aadf40a9ed71953707e4371,1973
- completed:
    hackage: zenc-0.1.2@sha256:2b32c40a3c11f07f466604526aacad2a535309da11b203334dbf586333c13534,1350
    pantry-tree:
      size: 302
      sha256: e33b84b5528779e4d5c0887b88ebdb0290902ba4367ed786dfc366b29d485d81
  original:
    hackage: zenc-0.1.2@sha256:2b32c40a3c11f07f466604526aacad2a535309da11b203334dbf586333c13534,1350
snapshots:
- completed:
    size: 586923
    url: https://raw.githubusercontent.com/commercialhaskell/stackage-snapshots/master/lts/18/9.yaml
    sha256: 9f9fe35c949414146840a985fb228fd397c504d1781b834bfc9ab935f4d27df6
  original: lts-18.9
